
Microsoft Visual Studio Solution File, Format Version 12.00
# Visual Studio Version 16
VisualStudioVersion = 16.0.29709.97
MinimumVisualStudioVersion = 10.0.40219.1
Project("{FAE04EC0-301F-11D3-BF4B-00C04F79EFBC}") = "StackingCups", "StackingCups\StackingCups.csproj", "{D3034DF2-72D3-4673-98CF-BC3CA709E09D}"
EndProject
Global
	GlobalSection(SolutionConfigurationPlatforms) = preSolution
		Debug|Any CPU = Debug|Any CPU
		Release|Any CPU = Release|Any CPU
	EndGlobalSection
	GlobalSection(ProjectConfigurationPlatforms) = postSolution
		{D3034DF2-72D3-4673-98CF-BC3CA709E09D}.Debug|Any CPU.ActiveCfg = Debug|Any CPU
		{D3034DF2-72D3-4673-98CF-BC3CA709E09D}.Debug|Any CPU.Build.0 = Debug|Any CPU
		{D3034DF2-72D3-4673-98CF-BC3CA709E09D}.Release|Any CPU.ActiveCfg = Release|Any CPU
		{D3034DF2-72D3-4673-98CF-BC3CA709E09D}.Release|Any CPU.Build.0 = Release|Any CPU
	EndGlobalSection
	GlobalSection(SolutionProperties) = preSolution
		HideSolutionNode = FALSE
	EndGlobalSection
	GlobalSection(ExtensibilityGlobals) = postSolution
		SolutionGuid = {4A2203DA-3A09-41BF-8B66-2CB5583A5C4B}
	EndGlobalSection
EndGlobal
